
Microsoft Visual Studio Solution File, Format Version 12.00
# Visual Studio Version 17
VisualStudioVersion = 17.0.31903.59
MinimumVisualStudioVersion = 10.0.40219.1
Project("{FAE04EC0-301F-11D3-BF4B-00C04F79EFBC}") = "Gateway.UnitTests", "Gateway.UnitTests\Gateway.UnitTests.csproj", "{34E06006-866E-4154-98FC-7C46852BC051}"
EndProject
Project("{FAE04EC0-301F-11D3-BF4B-00C04F79EFBC}") = "Gateway.IntegrationTests", "Gateway.IntegrationTests\Gateway.IntegrationTests.csproj", "{FE188562-9E39-4B3E-A920-649334D4AD45}"
EndProject
Global
	GlobalSection(SolutionConfigurationPlatforms) = preSolution
		Debug|Any CPU = Debug|Any CPU
		Release|Any CPU = Release|Any CPU
	EndGlobalSection
	GlobalSection(SolutionProperties) = preSolution
		HideSolutionNode = FALSE
	EndGlobalSection
	GlobalSection(ProjectConfigurationPlatforms) = postSolution
		{34E06006-866E-4154-98FC-7C46852BC051}.Debug|Any CPU.ActiveCfg = Debug|Any CPU
		{34E06006-866E-4154-98FC-7C46852BC051}.Debug|Any CPU.Build.0 = Debug|Any CPU
		{34E06006-866E-4154-98FC-7C46852BC051}.Release|Any CPU.ActiveCfg = Release|Any CPU
		{34E06006-866E-4154-98FC-7C46852BC051}.Release|Any CPU.Build.0 = Release|Any CPU
		{FE188562-9E39-4B3E-A920-649334D4AD45}.Debug|Any CPU.ActiveCfg = Debug|Any CPU
		{FE188562-9E39-4B3E-A920-649334D4AD45}.Debug|Any CPU.Build.0 = Debug|Any CPU
		{FE188562-9E39-4B3E-A920-649334D4AD45}.Release|Any CPU.ActiveCfg = Release|Any CPU
		{FE188562-9E39-4B3E-A920-649334D4AD45}.Release|Any CPU.Build.0 = Release|Any CPU
	EndGlobalSection
EndGlobal
